// !$*UTF8*$!
{
	archiveVersion = 1;
	classes = {
	};
	objectVersion = 50;
	objects = {

/* Begin PBXBuildFile section */
		7F17D8FB26331CB0007CBB7F /* MCTSPlayer.cpp in Sources */ = {isa = PBXBuildFile; fileRef = 7F17D8DA26331CB0007CBB7F /* MCTSPlayer.cpp */; };
		7F17D8FC26331CB0007CBB7F /* GameField.cpp in Sources */ = {isa = PBXBuildFile; fileRef = 7F17D8DC26331CB0007CBB7F /* GameField.cpp */; };
		7F17D8FD26331CB0007CBB7F /* GreedyPlayer2.cpp in Sources */ = {isa = PBXBuildFile; fileRef = 7F17D8DD26331CB0007CBB7F /* GreedyPlayer2.cpp */; };
		7F17D8FE26331CB0007CBB7F /* InteractivePlayer.cpp in Sources */ = {isa = PBXBuildFile; fileRef = 7F17D8E326331CB0007CBB7F /* InteractivePlayer.cpp */; };
		7F17D8FF26331CB0007CBB7F /* Game.cpp in Sources */ = {isa = PBXBuildFile; fileRef = 7F17D8E526331CB0007CBB7F /* Game.cpp */; };
		7F17D90026331CB0007CBB7F /* MCTSTree.cpp in Sources */ = {isa = PBXBuildFile; fileRef = 7F17D8E626331CB0007CBB7F /* MCTSTree.cpp */; };
		7F17D90126331CB0007CBB7F /* GreedyPlayer.cpp in Sources */ = {isa = PBXBuildFile; fileRef = 7F17D8E826331CB0007CBB7F /* GreedyPlayer.cpp */; };
		7F17D90226331CB0007CBB7F /* GenerateLevels.cpp in Sources */ = {isa = PBXBuildFile; fileRef = 7F17D8EE26331CB0007CBB7F /* GenerateLevels.cpp */; };
		7F17D90326331CB0007CBB7F /* MCTSNode.cpp in Sources */ = {isa = PBXBuildFile; fileRef = 7F17D8EF26331CB0007CBB7F /* MCTSNode.cpp */; };
		7F17D90426331CB0007CBB7F /* GameCell.cpp in Sources */ = {isa = PBXBuildFile; fileRef = 7F17D8F126331CB0007CBB7F /* GameCell.cpp */; };
		7F17D90526331CB0007CBB7F /* RandomPlayer.cpp in Sources */ = {isa = PBXBuildFile; fileRef = 7F17D8F226331CB0007CBB7F /* RandomPlayer.cpp */; };
		7F17D90626331CB0007CBB7F /* MiniMaxModifiedPlayer.cpp in Sources */ = {isa = PBXBuildFile; fileRef = 7F17D8F626331CB0007CBB7F /* MiniMaxModifiedPlayer.cpp */; };
		7F17D90726331CB0007CBB7F /* Step.cpp in Sources */ = {isa = PBXBuildFile; fileRef = 7F17D8F826331CB0007CBB7F /* Step.cpp */; };
		7F17D90826331CB0007CBB7F /* MiniMaxPlayer.cpp in Sources */ = {isa = PBXBuildFile; fileRef = 7F17D8F926331CB0007CBB7F /* MiniMaxPlayer.cpp */; };
/* End PBXBuildFile section */

/* Begin PBXCopyFilesBuildPhase section */
		7F17D8CD26331C8E007CBB7F /* CopyFiles */ = {
			isa = PBXCopyFilesBuildPhase;
			buildActionMask = 2147483647;
			dstPath = /usr/share/man/man1/;
			dstSubfolderSpec = 0;
			files = (
			);
			runOnlyForDeploymentPostprocessing = 1;
		};
/* End PBXCopyFilesBuildPhase section */

/* Begin PBXFileReference section */
		7F17D8CF26331C8E007CBB7F /* GenerateLevelsMac */ = {isa = PBXFileReference; explicitFileType = "compiled.mach-o.executable"; includeInIndex = 0; path = GenerateLevelsMac; sourceTree = BUILT_PRODUCTS_DIR; };
		7F17D8DA26331CB0007CBB7F /* MCTSPlayer.cpp */ = {isa = PBXFileReference; fileEncoding = 4; lastKnownFileType = sourcecode.cpp.cpp; name = MCTSPlayer.cpp; path = ../../GenerateLevels/MCTSPlayer.cpp; sourceTree = "<group>"; };
		7F17D8DB26331CB0007CBB7F /* GameField.h */ = {isa = PBXFileReference; fileEncoding = 4; lastKnownFileType = sourcecode.c.h; name = GameField.h; path = ../../GenerateLevels/GameField.h; sourceTree = "<group>"; };
		7F17D8DC26331CB0007CBB7F /* GameField.cpp */ = {isa = PBXFileReference; fileEncoding = 4; lastKnownFileType = sourcecode.cpp.cpp; name = GameField.cpp; path = ../../GenerateLevels/GameField.cpp; sourceTree = "<group>"; };
		7F17D8DD26331CB0007CBB7F /* GreedyPlayer2.cpp */ = {isa = PBXFileReference; fileEncoding = 4; lastKnownFileType = sourcecode.cpp.cpp; name = GreedyPlayer2.cpp; path = ../../GenerateLevels/GreedyPlayer2.cpp; sourceTree = "<group>"; };
		7F17D8DE26331CB0007CBB7F /* MiniMaxPlayer.h */ = {isa = PBXFileReference; fileEncoding = 4; lastKnownFileType = sourcecode.c.h; name = MiniMaxPlayer.h; path = ../../GenerateLevels/MiniMaxPlayer.h; sourceTree = "<group>"; };
		7F17D8DF26331CB0007CBB7F /* GenerateLevels.vcxproj.filters */ = {isa = PBXFileReference; fileEncoding = 4; lastKnownFileType = text.xml; name = GenerateLevels.vcxproj.filters; path = ../../GenerateLevels/GenerateLevels.vcxproj.filters; sourceTree = "<group>"; };
		7F17D8E026331CB0007CBB7F /* GreedyPlayer.h */ = {isa = PBXFileReference; fileEncoding = 4; lastKnownFileType = sourcecode.c.h; name = GreedyPlayer.h; path = ../../GenerateLevels/GreedyPlayer.h; sourceTree = "<group>"; };
		7F17D8E126331CB0007CBB7F /* RandomPlayer.h */ = {isa = PBXFileReference; fileEncoding = 4; lastKnownFileType = sourcecode.c.h; name = RandomPlayer.h; path = ../../GenerateLevels/RandomPlayer.h; sourceTree = "<group>"; };
		7F17D8E226331CB0007CBB7F /* MCTSTree.h */ = {isa = PBXFileReference; fileEncoding = 4; lastKnownFileType = sourcecode.c.h; name = MCTSTree.h; path = ../../GenerateLevels/MCTSTree.h; sourceTree = "<group>"; };
		7F17D8E326331CB0007CBB7F /* InteractivePlayer.cpp */ = {isa = PBXFileReference; fileEncoding = 4; lastKnownFileType = sourcecode.cpp.cpp; name = InteractivePlayer.cpp; path = ../../GenerateLevels/InteractivePlayer.cpp; sourceTree = "<group>"; };
		7F17D8E426331CB0007CBB7F /* InteractivePlayer.h */ = {isa = PBXFileReference; fileEncoding = 4; lastKnownFileType = sourcecode.c.h; name = InteractivePlayer.h; path = ../../GenerateLevels/InteractivePlayer.h; sourceTree = "<group>"; };
		7F17D8E526331CB0007CBB7F /* Game.cpp */ = {isa = PBXFileReference; fileEncoding = 4; lastKnownFileType = sourcecode.cpp.cpp; name = Game.cpp; path = ../../GenerateLevels/Game.cpp; sourceTree = "<group>"; };
		7F17D8E626331CB0007CBB7F /* MCTSTree.cpp */ = {isa = PBXFileReference; fileEncoding = 4; lastKnownFileType = sourcecode.cpp.cpp; name = MCTSTree.cpp; path = ../../GenerateLevels/MCTSTree.cpp; sourceTree = "<group>"; };
		7F17D8E726331CB0007CBB7F /* Game.h */ = {isa = PBXFileReference; fileEncoding = 4; lastKnownFileType = sourcecode.c.h; name = Game.h; path = ../../GenerateLevels/Game.h; sourceTree = "<group>"; };
		7F17D8E826331CB0007CBB7F /* GreedyPlayer.cpp */ = {isa = PBXFileReference; fileEncoding = 4; lastKnownFileType = sourcecode.cpp.cpp; name = GreedyPlayer.cpp; path = ../../GenerateLevels/GreedyPlayer.cpp; sourceTree = "<group>"; };
		7F17D8E926331CB0007CBB7F /* MCTSNode.h */ = {isa = PBXFileReference; fileEncoding = 4; lastKnownFileType = sourcecode.c.h; name = MCTSNode.h; path = ../../GenerateLevels/MCTSNode.h; sourceTree = "<group>"; };
		7F17D8EA26331CB0007CBB7F /* Vector2.h */ = {isa = PBXFileReference; fileEncoding = 4; lastKnownFileType = sourcecode.c.h; name = Vector2.h; path = ../../GenerateLevels/Vector2.h; sourceTree = "<group>"; };
		7F17D8EB26331CB0007CBB7F /* GenerateLevels.vcxproj */ = {isa = PBXFileReference; fileEncoding = 4; lastKnownFileType = text.xml; name = GenerateLevels.vcxproj; path = ../../GenerateLevels/GenerateLevels.vcxproj; sourceTree = "<group>"; };
		7F17D8EC26331CB0007CBB7F /* MCTSPlayer.h */ = {isa = PBXFileReference; fileEncoding = 4; lastKnownFileType = sourcecode.c.h; name = MCTSPlayer.h; path = ../../GenerateLevels/MCTSPlayer.h; sourceTree = "<group>"; };
		7F17D8ED26331CB0007CBB7F /* GameCell.h */ = {isa = PBXFileReference; fileEncoding = 4; lastKnownFileType = sourcecode.c.h; name = GameCell.h; path = ../../GenerateLevels/GameCell.h; sourceTree = "<group>"; };
		7F17D8EE26331CB0007CBB7F /* GenerateLevels.cpp */ = {isa = PBXFileReference; fileEncoding = 4; lastKnownFileType = sourcecode.cpp.cpp; name = GenerateLevels.cpp; path = ../../GenerateLevels/GenerateLevels.cpp; sourceTree = "<group>"; };
		7F17D8EF26331CB0007CBB7F /* MCTSNode.cpp */ = {isa = PBXFileReference; fileEncoding = 4; lastKnownFileType = sourcecode.cpp.cpp; name = MCTSNode.cpp; path = ../../GenerateLevels/MCTSNode.cpp; sourceTree = "<group>"; };
		7F17D8F026331CB0007CBB7F /* MiniMaxModifiedPlayer.h */ = {isa = PBXFileReference; fileEncoding = 4; lastKnownFileType = sourcecode.c.h; name = MiniMaxModifiedPlayer.h; path = ../../GenerateLevels/MiniMaxModifiedPlayer.h; sourceTree = "<group>"; };
		7F17D8F126331CB0007CBB7F /* GameCell.cpp */ = {isa = PBXFileReference; fileEncoding = 4; lastKnownFileType = sourcecode.cpp.cpp; name = GameCell.cpp; path = ../../GenerateLevels/GameCell.cpp; sourceTree = "<group>"; };
		7F17D8F226331CB0007CBB7F /* RandomPlayer.cpp */ = {isa = PBXFileReference; fileEncoding = 4; lastKnownFileType = sourcecode.cpp.cpp; name = RandomPlayer.cpp; path = ../../GenerateLevels/RandomPlayer.cpp; sourceTree = "<group>"; };
		7F17D8F326331CB0007CBB7F /* GenerateLevels.vcxproj.user */ = {isa = PBXFileReference; fileEncoding = 4; lastKnownFileType = text.xml; name = GenerateLevels.vcxproj.user; path = ../../GenerateLevels/GenerateLevels.vcxproj.user; sourceTree = "<group>"; };
		7F17D8F426331CB0007CBB7F /* Step.h */ = {isa = PBXFileReference; fileEncoding = 4; lastKnownFileType = sourcecode.c.h; name = Step.h; path = ../../GenerateLevels/Step.h; sourceTree = "<group>"; };
		7F17D8F526331CB0007CBB7F /* GreedyPlayer2.h */ = {isa = PBXFileReference; fileEncoding = 4; lastKnownFileType = sourcecode.c.h; name = GreedyPlayer2.h; path = ../../GenerateLevels/GreedyPlayer2.h; sourceTree = "<group>"; };
		7F17D8F626331CB0007CBB7F /* MiniMaxModifiedPlayer.cpp */ = {isa = PBXFileReference; fileEncoding = 4; lastKnownFileType = sourcecode.cpp.cpp; name = MiniMaxModifiedPlayer.cpp; path = ../../GenerateLevels/MiniMaxModifiedPlayer.cpp; sourceTree = "<group>"; };
		7F17D8F726331CB0007CBB7F /* IPlayer.h */ = {isa = PBXFileReference; fileEncoding = 4; lastKnownFileType = sourcecode.c.h; name = IPlayer.h; path = ../../GenerateLevels/IPlayer.h; sourceTree = "<group>"; };
		7F17D8F826331CB0007CBB7F /* Step.cpp */ = {isa = PBXFileReference; fileEncoding = 4; lastKnownFileType = sourcecode.cpp.cpp; name = Step.cpp; path = ../../GenerateLevels/Step.cpp; sourceTree = "<group>"; };
		7F17D8F926331CB0007CBB7F /* MiniMaxPlayer.cpp */ = {isa = PBXFileReference; fileEncoding = 4; lastKnownFileType = sourcecode.cpp.cpp; name = MiniMaxPlayer.cpp; path = ../../GenerateLevels/MiniMaxPlayer.cpp; sourceTree = "<group>"; };
		7F17D8FA26331CB0007CBB7F /* EnumBitOperations.h */ = {isa = PBXFileReference; fileEncoding = 4; lastKnownFileType = sourcecode.c.h; name = EnumBitOperations.h; path = ../../GenerateLevels/EnumBitOperations.h; sourceTree = "<group>"; };
/* End PBXFileReference section */

/* Begin PBXFrameworksBuildPhase section */
		7F17D8CC26331C8E007CBB7F /* Frameworks */ = {
			isa = PBXFrameworksBuildPhase;
			buildActionMask = 2147483647;
			files = (
			);
			runOnlyForDeploymentPostprocessing = 0;
		};
/* End PBXFrameworksBuildPhase section */

/* Begin PBXGroup section */
		7F17D8C626331C8E007CBB7F = {
			isa = PBXGroup;
			children = (
				7F17D8D126331C8E007CBB7F /* GenerateLevelsMac */,
				7F17D8D026331C8E007CBB7F /* Products */,
			);
			sourceTree = "<group>";
		};
		7F17D8D026331C8E007CBB7F /* Products */ = {
			isa = PBXGroup;
			children = (
				7F17D8CF26331C8E007CBB7F /* GenerateLevelsMac */,
			);
			name = Products;
			sourceTree = "<group>";
		};
		7F17D8D126331C8E007CBB7F /* GenerateLevelsMac */ = {
			isa = PBXGroup;
			children = (
				7F17D8FA26331CB0007CBB7F /* EnumBitOperations.h */,
				7F17D8E526331CB0007CBB7F /* Game.cpp */,
				7F17D8E726331CB0007CBB7F /* Game.h */,
				7F17D8F126331CB0007CBB7F /* GameCell.cpp */,
				7F17D8ED26331CB0007CBB7F /* GameCell.h */,
				7F17D8DC26331CB0007CBB7F /* GameField.cpp */,
				7F17D8DB26331CB0007CBB7F /* GameField.h */,
				7F17D8EE26331CB0007CBB7F /* GenerateLevels.cpp */,
				7F17D8EB26331CB0007CBB7F /* GenerateLevels.vcxproj */,
				7F17D8DF26331CB0007CBB7F /* GenerateLevels.vcxproj.filters */,
				7F17D8F326331CB0007CBB7F /* GenerateLevels.vcxproj.user */,
				7F17D8E826331CB0007CBB7F /* GreedyPlayer.cpp */,
				7F17D8E026331CB0007CBB7F /* GreedyPlayer.h */,
				7F17D8DD26331CB0007CBB7F /* GreedyPlayer2.cpp */,
				7F17D8F526331CB0007CBB7F /* GreedyPlayer2.h */,
				7F17D8E326331CB0007CBB7F /* InteractivePlayer.cpp */,
				7F17D8E426331CB0007CBB7F /* InteractivePlayer.h */,
				7F17D8F726331CB0007CBB7F /* IPlayer.h */,
				7F17D8EF26331CB0007CBB7F /* MCTSNode.cpp */,
				7F17D8E926331CB0007CBB7F /* MCTSNode.h */,
				7F17D8DA26331CB0007CBB7F /* MCTSPlayer.cpp */,
				7F17D8EC26331CB0007CBB7F /* MCTSPlayer.h */,
				7F17D8E626331CB0007CBB7F /* MCTSTree.cpp */,
				7F17D8E226331CB0007CBB7F /* MCTSTree.h */,
				7F17D8F626331CB0007CBB7F /* MiniMaxModifiedPlayer.cpp */,
				7F17D8F026331CB0007CBB7F /* MiniMaxModifiedPlayer.h */,
				7F17D8F926331CB0007CBB7F /* MiniMaxPlayer.cpp */,
				7F17D8DE26331CB0007CBB7F /* MiniMaxPlayer.h */,
				7F17D8F226331CB0007CBB7F /* RandomPlayer.cpp */,
				7F17D8E126331CB0007CBB7F /* RandomPlayer.h */,
				7F17D8F826331CB0007CBB7F /* Step.cpp */,
				7F17D8F426331CB0007CBB7F /* Step.h */,
				7F17D8EA26331CB0007CBB7F /* Vector2.h */,
			);
			path = GenerateLevelsMac;
			sourceTree = "<group>";
		};
/* End PBXGroup section */

/* Begin PBXNativeTarget section */
		7F17D8CE26331C8E007CBB7F /* GenerateLevelsMac */ = {
			isa = PBXNativeTarget;
			buildConfigurationList = 7F17D8D626331C8E007CBB7F /* Build configuration list for PBXNativeTarget "GenerateLevelsMac" */;
			buildPhases = (
				7F17D8CB26331C8E007CBB7F /* Sources */,
				7F17D8CC26331C8E007CBB7F /* Frameworks */,
				7F17D8CD26331C8E007CBB7F /* CopyFiles */,
			);
			buildRules = (
			);
			dependencies = (
			);
			name = GenerateLevelsMac;
			productName = GenerateLevelsMac;
			productReference = 7F17D8CF26331C8E007CBB7F /* GenerateLevelsMac */;
			productType = "com.apple.product-type.tool";
		};
/* End PBXNativeTarget section */

/* Begin PBXProject section */
		7F17D8C726331C8E007CBB7F /* Project object */ = {
			isa = PBXProject;
			attributes = {
				LastUpgradeCheck = 1240;
				TargetAttributes = {
					7F17D8CE26331C8E007CBB7F = {
						CreatedOnToolsVersion = 12.4;
					};
				};
			};
			buildConfigurationList = 7F17D8CA26331C8E007CBB7F /* Build configuration list for PBXProject "GenerateLevelsMac" */;
			compatibilityVersion = "Xcode 9.3";
			developmentRegion = en;
			hasScannedForEncodings = 0;
			knownRegions = (
				en,
				Base,
			);
			mainGroup = 7F17D8C626331C8E007CBB7F;
			productRefGroup = 7F17D8D026331C8E007CBB7F /* Products */;
			projectDirPath = "";
			projectRoot = "";
			targets = (
				7F17D8CE26331C8E007CBB7F /* GenerateLevelsMac */,
			);
		};
/* End PBXProject section */

/* Begin PBXSourcesBuildPhase section */
		7F17D8CB26331C8E007CBB7F /* Sources */ = {
			isa = PBXSourcesBuildPhase;
			buildActionMask = 2147483647;
			files = (
				7F17D90026331CB0007CBB7F /* MCTSTree.cpp in Sources */,
				7F17D8FC26331CB0007CBB7F /* GameField.cpp in Sources */,
				7F17D90326331CB0007CBB7F /* MCTSNode.cpp in Sources */,
				7F17D90426331CB0007CBB7F /* GameCell.cpp in Sources */,
				7F17D8FD26331CB0007CBB7F /* GreedyPlayer2.cpp in Sources */,
				7F17D8FF26331CB0007CBB7F /* Game.cpp in Sources */,
				7F17D90626331CB0007CBB7F /* MiniMaxModifiedPlayer.cpp in Sources */,
				7F17D90526331CB0007CBB7F /* RandomPlayer.cpp in Sources */,
				7F17D8FB26331CB0007CBB7F /* MCTSPlayer.cpp in Sources */,
				7F17D90226331CB0007CBB7F /* GenerateLevels.cpp in Sources */,
				7F17D90126331CB0007CBB7F /* GreedyPlayer.cpp in Sources */,
				7F17D8FE26331CB0007CBB7F /* InteractivePlayer.cpp in Sources */,
				7F17D90726331CB0007CBB7F /* Step.cpp in Sources */,
				7F17D90826331CB0007CBB7F /* MiniMaxPlayer.cpp in Sources */,
			);
			runOnlyForDeploymentPostprocessing = 0;
		};
/* End PBXSourcesBuildPhase section */

/* Begin XCBuildConfiguration section */
		7F17D8D426331C8E007CBB7F /* Debug */ = {
			isa = XCBuildConfiguration;
			buildSettings = {
				ALWAYS_SEARCH_USER_PATHS = NO;
				CLANG_ANALYZER_NONNULL = YES;
				CLANG_ANALYZER_NUMBER_OBJECT_CONVERSION = YES_AGGRESSIVE;
				CLANG_CXX_LANGUAGE_STANDARD = "gnu++14";
				CLANG_CXX_LIBRARY = "libc++";
				CLANG_ENABLE_MODULES = YES;
				CLANG_ENABLE_OBJC_ARC = YES;
				CLANG_ENABLE_OBJC_WEAK = YES;
				CLANG_WARN_BLOCK_CAPTURE_AUTORELEASING = YES;
				CLANG_WARN_BOOL_CONVERSION = YES;
				CLANG_WARN_COMMA = YES;
				CLANG_WARN_CONSTANT_CONVERSION = YES;
				CLANG_WARN_DEPRECATED_OBJC_IMPLEMENTATIONS = YES;
				CLANG_WARN_DIRECT_OBJC_ISA_USAGE = YES_ERROR;
				CLANG_WARN_DOCUMENTATION_COMMENTS = YES;
				CLANG_WARN_EMPTY_BODY = YES;
				CLANG_WARN_ENUM_CONVERSION = YES;
				CLANG_WARN_INFINITE_RECURSION = YES;
				CLANG_WARN_INT_CONVERSION = YES;
				CLANG_WARN_NON_LITERAL_NULL_CONVERSION = YES;
				CLANG_WARN_OBJC_IMPLICIT_RETAIN_SELF = YES;
				CLANG_WARN_OBJC_LITERAL_CONVERSION = YES;
				CLANG_WARN_OBJC_ROOT_CLASS = YES_ERROR;
				CLANG_WARN_QUOTED_INCLUDE_IN_FRAMEWORK_HEADER = YES;
				CLANG_WARN_RANGE_LOOP_ANALYSIS = YES;
				CLANG_WARN_STRICT_PROTOTYPES = YES;
				CLANG_WARN_SUSPICIOUS_MOVE = YES;
				CLANG_WARN_UNGUARDED_AVAILABILITY = YES_AGGRESSIVE;
				CLANG_WARN_UNREACHABLE_CODE = YES;
				CLANG_WARN__DUPLICATE_METHOD_MATCH = YES;
				COPY_PHASE_STRIP = NO;
				DEBUG_INFORMATION_FORMAT = dwarf;
				ENABLE_STRICT_OBJC_MSGSEND = YES;
				ENABLE_TESTABILITY = YES;
				GCC_C_LANGUAGE_STANDARD = gnu11;
				GCC_DYNAMIC_NO_PIC = NO;
				GCC_NO_COMMON_BLOCKS = YES;
				GCC_OPTIMIZATION_LEVEL = 0;
				GCC_PREPROCESSOR_DEFINITIONS = (
					"DEBUG=1",
					"$(inherited)",
				);
				GCC_WARN_64_TO_32_BIT_CONVERSION = YES;
				GCC_WARN_ABOUT_RETURN_TYPE = YES_ERROR;
				GCC_WARN_UNDECLARED_SELECTOR = YES;
				GCC_WARN_UNINITIALIZED_AUTOS = YES_AGGRESSIVE;
				GCC_WARN_UNUSED_FUNCTION = YES;
				GCC_WARN_UNUSED_VARIABLE = YES;
				MACOSX_DEPLOYMENT_TARGET = 11.1;
				MTL_ENABLE_DEBUG_INFO = INCLUDE_SOURCE;
				MTL_FAST_MATH = YES;
				ONLY_ACTIVE_ARCH = YES;
				SDKROOT = macosx;
			};
			name = Debug;
		};
		7F17D8D526331C8E007CBB7F /* Release */ = {
			isa = XCBuildConfiguration;
			buildSettings = {
				ALWAYS_SEARCH_USER_PATHS = NO;
				CLANG_ANALYZER_NONNULL = YES;
				CLANG_ANALYZER_NUMBER_OBJECT_CONVERSION = YES_AGGRESSIVE;
				CLANG_CXX_LANGUAGE_STANDARD = "gnu++14";
				CLANG_CXX_LIBRARY = "libc++";
				CLANG_ENABLE_MODULES = YES;
				CLANG_ENABLE_OBJC_ARC = YES;
				CLANG_ENABLE_OBJC_WEAK = YES;
				CLANG_WARN_BLOCK_CAPTURE_AUTORELEASING = YES;
				CLANG_WARN_BOOL_CONVERSION = YES;
				CLANG_WARN_COMMA = YES;
				CLANG_WARN_CONSTANT_CONVERSION = YES;
				CLANG_WARN_DEPRECATED_OBJC_IMPLEMENTATIONS = YES;
				CLANG_WARN_DIRECT_OBJC_ISA_USAGE = YES_ERROR;
				CLANG_WARN_DOCUMENTATION_COMMENTS = YES;
				CLANG_WARN_EMPTY_BODY = YES;
				CLANG_WARN_ENUM_CONVERSION = YES;
				CLANG_WARN_INFINITE_RECURSION = YES;
				CLANG_WARN_INT_CONVERSION = YES;
				CLANG_WARN_NON_LITERAL_NULL_CONVERSION = YES;
				CLANG_WARN_OBJC_IMPLICIT_RETAIN_SELF = YES;
				CLANG_WARN_OBJC_LITERAL_CONVERSION = YES;
				CLANG_WARN_OBJC_ROOT_CLASS = YES_ERROR;
				CLANG_WARN_QUOTED_INCLUDE_IN_FRAMEWORK_HEADER = YES;
				CLANG_WARN_RANGE_LOOP_ANALYSIS = YES;
				CLANG_WARN_STRICT_PROTOTYPES = YES;
				CLANG_WARN_SUSPICIOUS_MOVE = YES;
				CLANG_WARN_UNGUARDED_AVAILABILITY = YES_AGGRESSIVE;
				CLANG_WARN_UNREACHABLE_CODE = YES;
				CLANG_WARN__DUPLICATE_METHOD_MATCH = YES;
				COPY_PHASE_STRIP = NO;
				DEBUG_INFORMATION_FORMAT = "dwarf-with-dsym";
				ENABLE_NS_ASSERTIONS = NO;
				ENABLE_STRICT_OBJC_MSGSEND = YES;
				GCC_C_LANGUAGE_STANDARD = gnu11;
				GCC_NO_COMMON_BLOCKS = YES;
				GCC_WARN_64_TO_32_BIT_CONVERSION = YES;
				GCC_WARN_ABOUT_RETURN_TYPE = YES_ERROR;
				GCC_WARN_UNDECLARED_SELECTOR = YES;
				GCC_WARN_UNINITIALIZED_AUTOS = YES_AGGRESSIVE;
				GCC_WARN_UNUSED_FUNCTION = YES;
				GCC_WARN_UNUSED_VARIABLE = YES;
				MACOSX_DEPLOYMENT_TARGET = 11.1;
				MTL_ENABLE_DEBUG_INFO = NO;
				MTL_FAST_MATH = YES;
				SDKROOT = macosx;
			};
			name = Release;
		};
		7F17D8D726331C8E007CBB7F /* Debug */ = {
			isa = XCBuildConfiguration;
			buildSettings = {
				CODE_SIGN_STYLE = Automatic;
				PRODUCT_NAME = "$(TARGET_NAME)";
			};
			name = Debug;
		};
		7F17D8D826331C8E007CBB7F /* Release */ = {
			isa = XCBuildConfiguration;
			buildSettings = {
				CODE_SIGN_STYLE = Automatic;
				PRODUCT_NAME = "$(TARGET_NAME)";
			};
			name = Release;
		};
/* End XCBuildConfiguration section */

/* Begin XCConfigurationList section */
		7F17D8CA26331C8E007CBB7F /* Build configuration list for PBXProject "GenerateLevelsMac" */ = {
			isa = XCConfigurationList;
			buildConfigurations = (
				7F17D8D426331C8E007CBB7F /* Debug */,
				7F17D8D526331C8E007CBB7F /* Release */,
			);
			defaultConfigurationIsVisible = 0;
			defaultConfigurationName = Release;
		};
		7F17D8D626331C8E007CBB7F /* Build configuration list for PBXNativeTarget "GenerateLevelsMac" */ = {
			isa = XCConfigurationList;
			buildConfigurations = (
				7F17D8D726331C8E007CBB7F /* Debug */,
				7F17D8D826331C8E007CBB7F /* Release */,
			);
			defaultConfigurationIsVisible = 0;
			defaultConfigurationName = Release;
		};
/* End XCConfigurationList section */
	};
	rootObject = 7F17D8C726331C8E007CBB7F /* Project object */;
}
