<?xml version="1.0" encoding="utf-8"?>
<Project ToolsVersion="4.0" xmlns="http://schemas.microsoft.com/developer/msbuild/2003">
  <ItemGroup>
    <Filter Include="Source Files">
      <UniqueIdentifier>{4FC737F1-C7A5-4376-A066-2A32D752A2FF}</UniqueIdentifier>
      <Extensions>cpp;c;cc;cxx;c++;cppm;ixx;def;odl;idl;hpj;bat;asm;asmx</Extensions>
    </Filter>
    <Filter Include="Header Files">
      <UniqueIdentifier>{93995380-89BD-4b04-88EB-625FBE52EBFB}</UniqueIdentifier>
      <Extensions>h;hh;hpp;hxx;h++;hm;inl;inc;ipp;xsd</Extensions>
    </Filter>
    <Filter Include="Resource Files">
      <UniqueIdentifier>{67DA6AB6-F800-4c08-8B7A-83BB121AAD01}</UniqueIdentifier>
      <Extensions>rc;ico;cur;bmp;dlg;rc2;rct;bin;rgs;gif;jpg;jpeg;jpe;resx;tiff;tif;png;wav;mfcribbon-ms</Extensions>
    </Filter>
    <Filter Include="Source Files\main">
      <UniqueIdentifier>{7ef476a1-9a4c-4d52-a221-ba2a0e2c6dd6}</UniqueIdentifier>
    </Filter>
    <Filter Include="Source Files\Players">
      <UniqueIdentifier>{5a2f6e50-2c22-4fe7-8618-e405714cfd67}</UniqueIdentifier>
    </Filter>
    <Filter Include="Header Files\Players">
      <UniqueIdentifier>{06a217c8-cffa-4ffe-8db7-07d6b3ad293c}</UniqueIdentifier>
    </Filter>
    <Filter Include="Header Files\Players\MCTS">
      <UniqueIdentifier>{a0a82544-6015-4c72-95c4-51b1775e825c}</UniqueIdentifier>
    </Filter>
    <Filter Include="Source Files\Players\MCTS">
      <UniqueIdentifier>{e14d6c59-22b4-41e7-9031-f87cfeb0e066}</UniqueIdentifier>
    </Filter>
  </ItemGroup>
  <ItemGroup>
    <ClCompile Include="Game.cpp">
      <Filter>Source Files</Filter>
    </ClCompile>
    <ClCompile Include="GameCell.cpp">
      <Filter>Source Files</Filter>
    </ClCompile>
    <ClCompile Include="GameField.cpp">
      <Filter>Source Files</Filter>
    </ClCompile>
    <ClCompile Include="Step.cpp">
      <Filter>Source Files</Filter>
    </ClCompile>
    <ClCompile Include="GenerateLevels.cpp">
      <Filter>Source Files\main</Filter>
    </ClCompile>
    <ClCompile Include="RandomPlayer.cpp">
      <Filter>Source Files\Players</Filter>
    </ClCompile>
    <ClCompile Include="GreedyPlayer.cpp">
      <Filter>Source Files\Players</Filter>
    </ClCompile>
    <ClCompile Include="InteractivePlayer.cpp">
      <Filter>Source Files\Players</Filter>
    </ClCompile>
    <ClCompile Include="GreedyPlayer2.cpp">
      <Filter>Source Files\Players</Filter>
    </ClCompile>
    <ClCompile Include="MiniMaxPlayer.cpp">
      <Filter>Source Files\Players</Filter>
    </ClCompile>
    <ClCompile Include="MiniMaxModifiedPlayer.cpp">
      <Filter>Source Files\Players</Filter>
    </ClCompile>
    <ClCompile Include="MCTSPlayer.cpp">
      <Filter>Source Files\Players</Filter>
    </ClCompile>
    <ClCompile Include="MCTSNode.cpp">
      <Filter>Source Files\Players\MCTS</Filter>
    </ClCompile>
    <ClCompile Include="MCTSTree.cpp">
      <Filter>Source Files\Players\MCTS</Filter>
    </ClCompile>
  </ItemGroup>
  <ItemGroup>
    <ClInclude Include="GameField.h">
      <Filter>Header Files</Filter>
    </ClInclude>
    <ClInclude Include="GameCell.h">
      <Filter>Header Files</Filter>
    </ClInclude>
    <ClInclude Include="Step.h">
      <Filter>Header Files</Filter>
    </ClInclude>
    <ClInclude Include="Vector2.h">
      <Filter>Header Files</Filter>
    </ClInclude>
    <ClInclude Include="EnumBitOperations.h">
      <Filter>Header Files</Filter>
    </ClInclude>
    <ClInclude Include="IPlayer.h">
      <Filter>Header Files</Filter>
    </ClInclude>
    <ClInclude Include="Game.h">
      <Filter>Header Files</Filter>
    </ClInclude>
    <ClInclude Include="RandomPlayer.h">
      <Filter>Header Files\Players</Filter>
    </ClInclude>
    <ClInclude Include="GreedyPlayer.h">
      <Filter>Header Files\Players</Filter>
    </ClInclude>
    <ClInclude Include="InteractivePlayer.h">
      <Filter>Header Files\Players</Filter>
    </ClInclude>
    <ClInclude Include="GreedyPlayer2.h">
      <Filter>Header Files\Players</Filter>
    </ClInclude>
    <ClInclude Include="MiniMaxPlayer.h">
      <Filter>Header Files\Players</Filter>
    </ClInclude>
    <ClInclude Include="MiniMaxModifiedPlayer.h">
      <Filter>Header Files\Players</Filter>
    </ClInclude>
    <ClInclude Include="MCTSPlayer.h">
      <Filter>Header Files\Players</Filter>
    </ClInclude>
    <ClInclude Include="MCTSNode.h">
      <Filter>Header Files\Players\MCTS</Filter>
    </ClInclude>
    <ClInclude Include="MCTSTree.h">
      <Filter>Header Files\Players\MCTS</Filter>
    </ClInclude>
  </ItemGroup>
</Project>